{
  "name": "opendocx-node",
  "version": "0.1.2-experimental",
  "lockfileVersion": 1,
  "requires": true,
  "dependencies": {
    "angular-expressions": {
      "version": "1.0.0",
      "resolved": "https://registry.npmjs.org/angular-expressions/-/angular-expressions-1.0.0.tgz",
      "integrity": "sha512-ihYJFCr1S7vfBJTS7dE+zGQ3oNAMIL+NJ5aWs52Cz7frmvpVVA1NTMXBP9BFSP/Wk/zIJBeYn2o5Fo8txCka3A=="
    },
    "date-fns": {
      "version": "1.30.1",
      "resolved": "https://registry.npmjs.org/date-fns/-/date-fns-1.30.1.tgz",
      "integrity": "sha512-hBSVCvSmWC+QypYObzwGOd9wqdDpOt+0wl0KbU+R+uuZBS1jN8VsD1ss3irQDknRj5NvxiTF6oj/nDRnN/UQNw=="
    },
    "edge-cs": {
      "version": "1.2.1",
      "resolved": "https://registry.npmjs.org/edge-cs/-/edge-cs-1.2.1.tgz",
      "integrity": "sha1-vRqezblO8O1AyJRYIEZ0nlcEXlo="
    },
    "edge-js": {
      "version": "11.3.0",
      "resolved": "https://registry.npmjs.org/edge-js/-/edge-js-11.3.0.tgz",
      "integrity": "sha512-lXruKUMELBIhCegjRKx3d6zomeieU6n/aOK+ZV6Kg/AmUK15Gz2i0AqlHph4jBsWoRiPT1tnRvtl4IIhWuj1FQ==",
      "requires": {
        "edge-cs": "1.2.1",
        "nan": "^2.10.0"
      }
    },
    "inherits": {
      "version": "2.0.3",
      "resolved": "https://registry.npmjs.org/inherits/-/inherits-2.0.3.tgz",
      "integrity": "sha1-Yzwsg+PaQqUC9SRmAiSA9CCCYd4="
    },
    "nan": {
      "version": "2.12.1",
      "resolved": "https://registry.npmjs.org/nan/-/nan-2.12.1.tgz",
      "integrity": "sha512-JY7V6lRkStKcKTvHO5NVSQRv+RV+FIL5pvDoLiAtSL9pKlC5x9PKQcZDsq7m4FO4d57mkhC6Z+QhAh3Jdk5JFw=="
    },
    "path": {
      "version": "0.12.7",
      "resolved": "https://registry.npmjs.org/path/-/path-0.12.7.tgz",
      "integrity": "sha1-1NwqUGxM4hl+tIHr/NWzbAFAsQ8=",
      "requires": {
        "process": "^0.11.1",
        "util": "^0.10.3"
      },
      "dependencies": {
        "util": {
          "version": "0.10.4",
          "resolved": "https://registry.npmjs.org/util/-/util-0.10.4.tgz",
          "integrity": "sha512-0Pm9hTQ3se5ll1XihRic3FDIku70C+iHUdT/W926rSgHV5QgXsYbKZN8MSC3tJtSkhuROzvsQjAaFENRXr+19A==",
          "requires": {
            "inherits": "2.0.3"
          }
        }
      }
    },
    "process": {
      "version": "0.11.10",
      "resolved": "https://registry.npmjs.org/process/-/process-0.11.10.tgz",
      "integrity": "sha1-czIwDoQBYb2j5podHZGn1LwW8YI="
    },
    "util": {
      "version": "0.11.1",
      "resolved": "https://registry.npmjs.org/util/-/util-0.11.1.tgz",
      "integrity": "sha512-HShAsny+zS2TZfaXxD9tYj4HQGlBezXZMZuM/S5PKLLoZkShZiGk9o5CzukI1LVHZvjdvZ2Sj1aW/Ndn2NB/HQ==",
      "requires": {
        "inherits": "2.0.3"
      }
    },
    "wu": {
      "version": "2.1.0",
      "resolved": "https://registry.npmjs.org/wu/-/wu-2.1.0.tgz",
      "integrity": "sha1-fnLj+6I+D/Zp3dU34chX09SxYU8="
    }
  }
}
